{
  "name": "Scripts",
  "lockfileVersion": 2,
  "requires": true,
  "packages": {
    "": {
      "dependencies": {
        "fft-js": "^0.0.12",
        "ml-dataset-iris": "^1.2.1",
        "ml-random-forest": "^2.1.0",
        "moment": "^2.29.4",
        "nn": "^0.0.7",
        "node-bayes": "^1.1.0",
        "node-wav": "^0.0.2"
      }
    },
    "node_modules/bit-twiddle": {
      "version": "1.0.2",
      "resolved": "https://registry.npmjs.org/bit-twiddle/-/bit-twiddle-1.0.2.tgz",
      "integrity": "sha512-B9UhK0DKFZhoTFcfvAzhqsjStvGJp9vYWf3+6SNTtdSQnvIgfkHbgHrg/e4+TH71N2GDu8tpmCVoyfrL1d7ntA=="
    },
    "node_modules/commander": {
      "version": "0.6.1",
      "resolved": "https://registry.npmjs.org/commander/-/commander-0.6.1.tgz",
      "integrity": "sha512-0fLycpl1UMTGX257hRsu/arL/cUbcvQM4zMKwvLvzXtfdezIV4yotPS2dYtknF+NmEfWSoCEF6+hj9XLm/6hEw==",
      "engines": {
        "node": ">= 0.4.x"
      }
    },
    "node_modules/d3": {
      "version": "3.5.17",
      "resolved": "https://registry.npmjs.org/d3/-/d3-3.5.17.tgz",
      "integrity": "sha512-yFk/2idb8OHPKkbAL8QaOaqENNoMhIaSHZerk3oQsECwkObkCpJyjYwCe+OHiq6UEdhe1m8ZGARRRO3ljFjlKg=="
    },
    "node_modules/debug": {
      "version": "4.3.4",
      "resolved": "https://registry.npmjs.org/debug/-/debug-4.3.4.tgz",
      "integrity": "sha512-PRWFHuSU3eDtQJPvnNY7Jcket1j0t5OuOsFzPPzsekD52Zl8qUfFIPEiswXqIvHWGVHOgX+7G/vCNNhehwxfkQ==",
      "dependencies": {
        "ms": "2.1.2"
      },
      "engines": {
        "node": ">=6.0"
      },
      "peerDependenciesMeta": {
        "supports-color": {
          "optional": true
        }
      }
    },
    "node_modules/debug/node_modules/ms": {
      "version": "2.1.2",
      "resolved": "https://registry.npmjs.org/ms/-/ms-2.1.2.tgz",
      "integrity": "sha512-sGkPx+VjMtmA6MX27oA4FBFELFCZZ4S4XqeGOXCv68tT+jb3vk/RyaKWP0PTKyWtmLSM0b+adUTEvbs1PEaH2w=="
    },
    "node_modules/decimal.js": {
      "version": "4.0.4",
      "resolved": "https://registry.npmjs.org/decimal.js/-/decimal.js-4.0.4.tgz",
      "integrity": "sha512-RAXuxUu5ylfK3qKjeLfYMsCbTOJbNzDHzGXduBG9kS+R3hUq2z0aPA4X0DyqZXr4lLj6T3YwU9ih/xXaacqQnA==",
      "engines": {
        "node": "*"
      }
    },
    "node_modules/diff": {
      "version": "1.0.2",
      "resolved": "https://registry.npmjs.org/diff/-/diff-1.0.2.tgz",
      "integrity": "sha512-BOZXenW4qYFnn8GhH24O4xfjF5CxT01uSYOfF/hGpTGFcs/50zc5nnF1AtV1ePP/ok4hGC9ZENrLtm5jjj16GA==",
      "engines": {
        "node": ">=0.3.1"
      }
    },
    "node_modules/fft-js": {
      "version": "0.0.12",
      "resolved": "https://registry.npmjs.org/fft-js/-/fft-js-0.0.12.tgz",
      "integrity": "sha512-nLOa0/SYYnN2NPcLrI81UNSPxyg3q0sGiltfe9G1okg0nxs5CqAwtmaqPQdGcOryeGURaCoQx8Y4AUkhGTh7IQ==",
      "dependencies": {
        "bit-twiddle": "~1.0.2",
        "commander": "~2.7.1"
      },
      "engines": {
        "node": ">=0.12.0"
      }
    },
    "node_modules/fft-js/node_modules/commander": {
      "version": "2.7.1",
      "resolved": "https://registry.npmjs.org/commander/-/commander-2.7.1.tgz",
      "integrity": "sha512-5qK/Wsc2fnRCiizV1JlHavWrSGAXQI7AusK423F8zJLwIGq8lmtO5GmO8PVMrtDUJMwTXOFBzSN6OCRD8CEMWw==",
      "dependencies": {
        "graceful-readlink": ">= 1.0.0"
      },
      "engines": {
        "node": ">= 0.6.x"
      }
    },
    "node_modules/fraction.js": {
      "version": "3.3.1",
      "resolved": "https://registry.npmjs.org/fraction.js/-/fraction.js-3.3.1.tgz",
      "integrity": "sha512-37tFTeCLiWfS31fBebu1JPOdnt0CBZuZLoWXzakL8+60z+gDD8DuYuOAeM8NY97F0oafvf9OCcvkPf7+wzZMOw==",
      "engines": {
        "node": "*"
      }
    },
    "node_modules/graceful-readlink": {
      "version": "1.0.1",
      "resolved": "https://registry.npmjs.org/graceful-readlink/-/graceful-readlink-1.0.1.tgz",
      "integrity": "sha512-8tLu60LgxF6XpdbK8OW3FA+IfTNBn1ZHGHKF4KQbEeSkajYw5PlYJcKluntgegDPTg8UkHjpet1T82vk6TQ68w=="
    },
    "node_modules/growl": {
      "version": "1.7.0",
      "resolved": "https://registry.npmjs.org/growl/-/growl-1.7.0.tgz",
      "integrity": "sha512-VWv7s1EI41AG2LiCr7uAuxWikLDN1SQOuEUc37d/P34NAIIYgkvWYngNw0d9d9iCrDFL0SYCE9UQpxhIjjtuLg=="
    },
    "node_modules/is-any-array": {
      "version": "2.0.0",
      "resolved": "https://registry.npmjs.org/is-any-array/-/is-any-array-2.0.0.tgz",
      "integrity": "sha512-WdPV58rT3aOWXvvyuBydnCq4S2BM1Yz8shKxlEpk/6x+GX202XRvXOycEFtNgnHVLoc46hpexPFx8Pz1/sMS0w=="
    },
    "node_modules/jade": {
      "version": "0.26.3",
      "resolved": "https://registry.npmjs.org/jade/-/jade-0.26.3.tgz",
      "integrity": "sha512-mkk3vzUHFjzKjpCXeu+IjXeZD+QOTjUUdubgmHtHTDwvAO2ZTkMTTVrapts5CWz3JvJryh/4KWZpjeZrCepZ3A==",
      "deprecated": "Jade has been renamed to pug, please install the latest version of pug instead of jade",
      "dependencies": {
        "commander": "0.6.1",
        "mkdirp": "0.3.0"
      },
      "bin": {
        "jade": "bin/jade"
      }
    },
    "node_modules/jade/node_modules/mkdirp": {
      "version": "0.3.0",
      "resolved": "https://registry.npmjs.org/mkdirp/-/mkdirp-0.3.0.tgz",
      "integrity": "sha512-OHsdUcVAQ6pOtg5JYWpCBo9W/GySVuwvP9hueRMW7UqshC0tbfzLv8wjySTPm3tfUZ/21CE9E1pJagOA91Pxew==",
      "deprecated": "Legacy versions of mkdirp are no longer supported. Please update to mkdirp 1.x. (Note that the API surface has changed to use Promises in 1.x.)",
      "engines": {
        "node": "*"
      }
    },
    "node_modules/mathjs": {
      "version": "2.7.0",
      "resolved": "https://registry.npmjs.org/mathjs/-/mathjs-2.7.0.tgz",
      "integrity": "sha512-oPvIQSbVSJf4zNVTLM9MziQUhvIDUp2GnozoBujkGp6dVFIITadnAXlpuwFQ63EEqzFzX9cxvoefTVINeSM3dQ==",
      "dependencies": {
        "decimal.js": "^4.0.2",
        "fraction.js": "^3.0.0",
        "tiny-emitter": "^1.0.0",
        "typed-function": "^0.10.3"
      },
      "bin": {
        "mathjs": "bin/cli.js"
      },
      "engines": {
        "node": ">= 0.1"
      }
    },
    "node_modules/median-quickselect": {
      "version": "1.0.1",
      "resolved": "https://registry.npmjs.org/median-quickselect/-/median-quickselect-1.0.1.tgz",
      "integrity": "sha512-/QL9ptNuLsdA68qO+2o10TKCyu621zwwTFdLvtu8rzRNKsn8zvuGoq/vDxECPyELFG8wu+BpyoMR9BnsJqfVZQ=="
    },
    "node_modules/mkdirp": {
      "version": "0.3.3",
      "resolved": "https://registry.npmjs.org/mkdirp/-/mkdirp-0.3.3.tgz",
      "integrity": "sha512-Oamd41MnZw/yuxtarGf3MFbHzFqQY4S17DcN+rATh2t5MKuCtG7vVVRG+RUT6g9+hr47DIVucIHGOUlwmJRvDA==",
      "deprecated": "Legacy versions of mkdirp are no longer supported. Please update to mkdirp 1.x. (Note that the API surface has changed to use Promises in 1.x.)",
      "engines": {
        "node": "*"
      }
    },
    "node_modules/ml-array-max": {
      "version": "1.2.4",
      "resolved": "https://registry.npmjs.org/ml-array-max/-/ml-array-max-1.2.4.tgz",
      "integrity": "sha512-BlEeg80jI0tW6WaPyGxf5Sa4sqvcyY6lbSn5Vcv44lp1I2GR6AWojfUvLnGTNsIXrZ8uqWmo8VcG1WpkI2ONMQ==",
      "dependencies": {
        "is-any-array": "^2.0.0"
      }
    },
    "node_modules/ml-array-mean": {
      "version": "1.1.6",
      "resolved": "https://registry.npmjs.org/ml-array-mean/-/ml-array-mean-1.1.6.tgz",
      "integrity": "sha512-MIdf7Zc8HznwIisyiJGRH9tRigg3Yf4FldW8DxKxpCCv/g5CafTw0RRu51nojVEOXuCQC7DRVVu5c7XXO/5joQ==",
      "dependencies": {
        "ml-array-sum": "^1.1.6"
      }
    },
    "node_modules/ml-array-median": {
      "version": "1.1.6",
      "resolved": "https://registry.npmjs.org/ml-array-median/-/ml-array-median-1.1.6.tgz",
      "integrity": "sha512-V6bV6bTPFRX8v5CaAx/7fuRXC39LLTHfPSVZZafdNaqNz2PFL5zEA7gesjv8dMXh+gwPeUMtB5QPovlTBaa4sw==",
      "dependencies": {
        "is-any-array": "^2.0.0",
        "median-quickselect": "^1.0.1"
      }
    },
    "node_modules/ml-array-min": {
      "version": "1.2.3",
      "resolved": "https://registry.npmjs.org/ml-array-min/-/ml-array-min-1.2.3.tgz",
      "integrity": "sha512-VcZ5f3VZ1iihtrGvgfh/q0XlMobG6GQ8FsNyQXD3T+IlstDv85g8kfV0xUG1QPRO/t21aukaJowDzMTc7j5V6Q==",
      "dependencies": {
        "is-any-array": "^2.0.0"
      }
    },
    "node_modules/ml-array-mode": {
      "version": "1.1.5",
      "resolved": "https://registry.npmjs.org/ml-array-mode/-/ml-array-mode-1.1.5.tgz",
      "integrity": "sha512-30dWTShQq05UzL+ZoG5OuuDvRl3APdz/bHwgZTgqRAJKOZApaWNQxg/ZnN5i/Uls3AjqabRZ70/QhX+/0bfZEA==",
      "dependencies": {
        "is-any-array": "^2.0.0"
      }
    },
    "node_modules/ml-array-rescale": {
      "version": "1.3.7",
      "resolved": "https://registry.npmjs.org/ml-array-rescale/-/ml-array-rescale-1.3.7.tgz",
      "integrity": "sha512-48NGChTouvEo9KBctDfHC3udWnQKNKEWN0ziELvY3KG25GR5cA8K8wNVzracsqSW1QEkAXjTNx+ycgAv06/1mQ==",
      "dependencies": {
        "is-any-array": "^2.0.0",
        "ml-array-max": "^1.2.4",
        "ml-array-min": "^1.2.3"
      }
    },
    "node_modules/ml-array-sum": {
      "version": "1.1.6",
      "resolved": "https://registry.npmjs.org/ml-array-sum/-/ml-array-sum-1.1.6.tgz",
      "integrity": "sha512-29mAh2GwH7ZmiRnup4UyibQZB9+ZLyMShvt4cH4eTK+cL2oEMIZFnSyB3SS8MlsTh6q/w/yh48KmqLxmovN4Dw==",
      "dependencies": {
        "is-any-array": "^2.0.0"
      }
    },
    "node_modules/ml-cart": {
      "version": "2.1.1",
      "resolved": "https://registry.npmjs.org/ml-cart/-/ml-cart-2.1.1.tgz",
      "integrity": "sha512-f6rIj4EzbjqKLJa2Qmm5AjZ0WVgk+Y7J1N/+pQVaFr0d4oM1uZPLOh5h665LyH+bLBHTFEbvSR4OLKmJRQ8KfA==",
      "dependencies": {
        "ml-array-mean": "^1.1.5",
        "ml-matrix": "^6.8.2"
      }
    },
    "node_modules/ml-dataset-iris": {
      "version": "1.2.1",
      "resolved": "https://registry.npmjs.org/ml-dataset-iris/-/ml-dataset-iris-1.2.1.tgz",
      "integrity": "sha512-7GO+Xk382d+HhVgjebaQnJ4Tcm8+uaL9Mc76UdxhBAU0aFWs6JDjINZLnrlZ0KDiIi9Erc52bD26QOvYsG7Nnw=="
    },
    "node_modules/ml-matrix": {
      "version": "6.10.2",
      "resolved": "https://registry.npmjs.org/ml-matrix/-/ml-matrix-6.10.2.tgz",
      "integrity": "sha512-+yxwzMazC76DAsgEvDrdCfRMH7+lO7UdnuWllavnPeWkPD2oIBA6rLzvst7BFYUxzgRz/h6V6lLzYIYtTvINbw==",
      "dependencies": {
        "is-any-array": "^2.0.0",
        "ml-array-rescale": "^1.3.7"
      }
    },
    "node_modules/ml-random-forest": {
      "version": "2.1.0",
      "resolved": "https://registry.npmjs.org/ml-random-forest/-/ml-random-forest-2.1.0.tgz",
      "integrity": "sha512-5PpfMFWdCxchjte7N6W38XNqycbheOadrfKySV0mojAfKorXy1HnPLthz3NFDnSO4nnIOaxRtr26bc4ZQaautA==",
      "dependencies": {
        "ml-array-mean": "^1.1.5",
        "ml-array-median": "^1.1.5",
        "ml-array-mode": "^1.1.4",
        "ml-cart": "^2.1.1",
        "ml-matrix": "^6.8.2",
        "random-js": "^2.1.0"
      }
    },
    "node_modules/mocha": {
      "version": "1.8.2",
      "resolved": "https://registry.npmjs.org/mocha/-/mocha-1.8.2.tgz",
      "integrity": "sha512-+QeJMW92PTwTbz0i28m70eWLrvMyAr/2GBSW9mUD8y0HCcvvigNWk/6P7ahnlyw3pDeVVtoYLCUJV/UwBQaUjQ==",
      "deprecated": "Mocha v1.x is no longer supported.",
      "dependencies": {
        "commander": "0.6.1",
        "debug": "*",
        "diff": "1.0.2",
        "growl": "1.7.x",
        "jade": "0.26.3",
        "mkdirp": "0.3.3",
        "ms": "0.3.0"
      },
      "bin": {
        "_mocha": "bin/_mocha",
        "mocha": "bin/mocha"
      },
      "engines": {
        "node": ">= 0.4.x"
      }
    },
    "node_modules/moment": {
      "version": "2.29.4",
      "resolved": "https://registry.npmjs.org/moment/-/moment-2.29.4.tgz",
      "integrity": "sha512-5LC9SOxjSc2HF6vO2CyuTDNivEdoz2IvyJJGj6X8DJ0eFyfszE0QiEd+iXmBvUP3WHxSjFH/vIsA0EN00cgr8w==",
      "engines": {
        "node": "*"
      }
    },
    "node_modules/ms": {
      "version": "0.3.0",
      "resolved": "https://registry.npmjs.org/ms/-/ms-0.3.0.tgz",
      "integrity": "sha512-25BVmSAdN4KRX7XeI6/gwQ9ewx6t9QB9/8X2fVJUUDpPc03qTRaEPgt5bTMZQ5T2l+XT+haSfqIkysOupDsSVQ=="
    },
    "node_modules/nn": {
      "version": "0.0.7",
      "resolved": "https://registry.npmjs.org/nn/-/nn-0.0.7.tgz",
      "integrity": "sha512-Elc6dy3FfdUWs6YPjwUpFLY9W+FVAqnuDDGQfoLTZuOl7TLK0Kgu6XfEUryKKkTC45fk1h8llYnOQ+BG55X+/w==",
      "dependencies": {
        "mocha": "~1.8.2"
      }
    },
    "node_modules/node-bayes": {
      "version": "1.1.0",
      "resolved": "https://registry.npmjs.org/node-bayes/-/node-bayes-1.1.0.tgz",
      "integrity": "sha512-W8t538NI94NMoY7GuIVMOTWYqC2/j8ScrYvwbY9fdvD8s6TbMYa8uU6S49krsi5S4FkkDVJnfDcEZzUrEXIg4w==",
      "dependencies": {
        "d3": "^3.5.13",
        "mathjs": "^2.6.0",
        "underscore": "^1.8.3"
      }
    },
    "node_modules/node-wav": {
      "version": "0.0.2",
      "resolved": "https://registry.npmjs.org/node-wav/-/node-wav-0.0.2.tgz",
      "integrity": "sha512-M6Rm/bbG6De/gKGxOpeOobx/dnGuP0dz40adqx38boqHhlWssBJZgLCPBNtb9NkrmnKYiV04xELq+R6PFOnoLA==",
      "engines": {
        "node": ">=4.4.0"
      }
    },
    "node_modules/random-js": {
      "version": "2.1.0",
      "resolved": "https://registry.npmjs.org/random-js/-/random-js-2.1.0.tgz",
      "integrity": "sha512-CRUyWmnzmZBA7RZSVGq0xMqmgCyPPxbiKNLFA5ud7KenojVX2s7Gv+V7eB52beKTPGxWRnVZ7D/tCIgYJJ8vNQ=="
    },
    "node_modules/tiny-emitter": {
      "version": "1.2.0",
      "resolved": "https://registry.npmjs.org/tiny-emitter/-/tiny-emitter-1.2.0.tgz",
      "integrity": "sha512-rWjF00inHeWtT5UbQYAXoMI4hL6TRMqohuKCsODyPYYmfAxqfMnXLsIeNrbdPEkNxlk++rojVilTnI9IVmEBtA=="
    },
    "node_modules/typed-function": {
      "version": "0.10.7",
      "resolved": "https://registry.npmjs.org/typed-function/-/typed-function-0.10.7.tgz",
      "integrity": "sha512-3mlZ5AwRMbLvUKkc8a1TI4RUJUS2H27pmD5q0lHRObgsoWzhDAX01yg82kwSP1FUw922/4Y9ZliIEh0qJZcz+g==",
      "engines": {
        "node": ">= 0.10"
      }
    },
    "node_modules/underscore": {
      "version": "1.13.6",
      "resolved": "https://registry.npmjs.org/underscore/-/underscore-1.13.6.tgz",
      "integrity": "sha512-+A5Sja4HP1M08MaXya7p5LvjuM7K6q/2EaC0+iovj/wOcMsTzMvDFbasi/oSapiwOlt252IqsKqPjCl7huKS0A=="
    }
  },
  "dependencies": {
    "bit-twiddle": {
      "version": "1.0.2",
      "resolved": "https://registry.npmjs.org/bit-twiddle/-/bit-twiddle-1.0.2.tgz",
      "integrity": "sha512-B9UhK0DKFZhoTFcfvAzhqsjStvGJp9vYWf3+6SNTtdSQnvIgfkHbgHrg/e4+TH71N2GDu8tpmCVoyfrL1d7ntA=="
    },
    "commander": {
      "version": "0.6.1",
      "resolved": "https://registry.npmjs.org/commander/-/commander-0.6.1.tgz",
      "integrity": "sha512-0fLycpl1UMTGX257hRsu/arL/cUbcvQM4zMKwvLvzXtfdezIV4yotPS2dYtknF+NmEfWSoCEF6+hj9XLm/6hEw=="
    },
    "d3": {
      "version": "3.5.17",
      "resolved": "https://registry.npmjs.org/d3/-/d3-3.5.17.tgz",
      "integrity": "sha512-yFk/2idb8OHPKkbAL8QaOaqENNoMhIaSHZerk3oQsECwkObkCpJyjYwCe+OHiq6UEdhe1m8ZGARRRO3ljFjlKg=="
    },
    "debug": {
      "version": "4.3.4",
      "resolved": "https://registry.npmjs.org/debug/-/debug-4.3.4.tgz",
      "integrity": "sha512-PRWFHuSU3eDtQJPvnNY7Jcket1j0t5OuOsFzPPzsekD52Zl8qUfFIPEiswXqIvHWGVHOgX+7G/vCNNhehwxfkQ==",
      "requires": {
        "ms": "2.1.2"
      },
      "dependencies": {
        "ms": {
          "version": "2.1.2",
          "resolved": "https://registry.npmjs.org/ms/-/ms-2.1.2.tgz",
          "integrity": "sha512-sGkPx+VjMtmA6MX27oA4FBFELFCZZ4S4XqeGOXCv68tT+jb3vk/RyaKWP0PTKyWtmLSM0b+adUTEvbs1PEaH2w=="
        }
      }
    },
    "decimal.js": {
      "version": "4.0.4",
      "resolved": "https://registry.npmjs.org/decimal.js/-/decimal.js-4.0.4.tgz",
      "integrity": "sha512-RAXuxUu5ylfK3qKjeLfYMsCbTOJbNzDHzGXduBG9kS+R3hUq2z0aPA4X0DyqZXr4lLj6T3YwU9ih/xXaacqQnA=="
    },
    "diff": {
      "version": "1.0.2",
      "resolved": "https://registry.npmjs.org/diff/-/diff-1.0.2.tgz",
      "integrity": "sha512-BOZXenW4qYFnn8GhH24O4xfjF5CxT01uSYOfF/hGpTGFcs/50zc5nnF1AtV1ePP/ok4hGC9ZENrLtm5jjj16GA=="
    },
    "fft-js": {
      "version": "0.0.12",
      "resolved": "https://registry.npmjs.org/fft-js/-/fft-js-0.0.12.tgz",
      "integrity": "sha512-nLOa0/SYYnN2NPcLrI81UNSPxyg3q0sGiltfe9G1okg0nxs5CqAwtmaqPQdGcOryeGURaCoQx8Y4AUkhGTh7IQ==",
      "requires": {
        "bit-twiddle": "~1.0.2",
        "commander": "~2.7.1"
      },
      "dependencies": {
        "commander": {
          "version": "2.7.1",
          "resolved": "https://registry.npmjs.org/commander/-/commander-2.7.1.tgz",
          "integrity": "sha512-5qK/Wsc2fnRCiizV1JlHavWrSGAXQI7AusK423F8zJLwIGq8lmtO5GmO8PVMrtDUJMwTXOFBzSN6OCRD8CEMWw==",
          "requires": {
            "graceful-readlink": ">= 1.0.0"
          }
        }
      }
    },
    "fraction.js": {
      "version": "3.3.1",
      "resolved": "https://registry.npmjs.org/fraction.js/-/fraction.js-3.3.1.tgz",
      "integrity": "sha512-37tFTeCLiWfS31fBebu1JPOdnt0CBZuZLoWXzakL8+60z+gDD8DuYuOAeM8NY97F0oafvf9OCcvkPf7+wzZMOw=="
    },
    "graceful-readlink": {
      "version": "1.0.1",
      "resolved": "https://registry.npmjs.org/graceful-readlink/-/graceful-readlink-1.0.1.tgz",
      "integrity": "sha512-8tLu60LgxF6XpdbK8OW3FA+IfTNBn1ZHGHKF4KQbEeSkajYw5PlYJcKluntgegDPTg8UkHjpet1T82vk6TQ68w=="
    },
    "growl": {
      "version": "1.7.0",
      "resolved": "https://registry.npmjs.org/growl/-/growl-1.7.0.tgz",
      "integrity": "sha512-VWv7s1EI41AG2LiCr7uAuxWikLDN1SQOuEUc37d/P34NAIIYgkvWYngNw0d9d9iCrDFL0SYCE9UQpxhIjjtuLg=="
    },
    "is-any-array": {
      "version": "2.0.0",
      "resolved": "https://registry.npmjs.org/is-any-array/-/is-any-array-2.0.0.tgz",
      "integrity": "sha512-WdPV58rT3aOWXvvyuBydnCq4S2BM1Yz8shKxlEpk/6x+GX202XRvXOycEFtNgnHVLoc46hpexPFx8Pz1/sMS0w=="
    },
    "jade": {
      "version": "0.26.3",
      "resolved": "https://registry.npmjs.org/jade/-/jade-0.26.3.tgz",
      "integrity": "sha512-mkk3vzUHFjzKjpCXeu+IjXeZD+QOTjUUdubgmHtHTDwvAO2ZTkMTTVrapts5CWz3JvJryh/4KWZpjeZrCepZ3A==",
      "requires": {
        "commander": "0.6.1",
        "mkdirp": "0.3.0"
      },
      "dependencies": {
        "mkdirp": {
          "version": "0.3.0",
          "resolved": "https://registry.npmjs.org/mkdirp/-/mkdirp-0.3.0.tgz",
          "integrity": "sha512-OHsdUcVAQ6pOtg5JYWpCBo9W/GySVuwvP9hueRMW7UqshC0tbfzLv8wjySTPm3tfUZ/21CE9E1pJagOA91Pxew=="
        }
      }
    },
    "mathjs": {
      "version": "2.7.0",
      "resolved": "https://registry.npmjs.org/mathjs/-/mathjs-2.7.0.tgz",
      "integrity": "sha512-oPvIQSbVSJf4zNVTLM9MziQUhvIDUp2GnozoBujkGp6dVFIITadnAXlpuwFQ63EEqzFzX9cxvoefTVINeSM3dQ==",
      "requires": {
        "decimal.js": "^4.0.2",
        "fraction.js": "^3.0.0",
        "tiny-emitter": "^1.0.0",
        "typed-function": "^0.10.3"
      }
    },
    "median-quickselect": {
      "version": "1.0.1",
      "resolved": "https://registry.npmjs.org/median-quickselect/-/median-quickselect-1.0.1.tgz",
      "integrity": "sha512-/QL9ptNuLsdA68qO+2o10TKCyu621zwwTFdLvtu8rzRNKsn8zvuGoq/vDxECPyELFG8wu+BpyoMR9BnsJqfVZQ=="
    },
    "mkdirp": {
      "version": "0.3.3",
      "resolved": "https://registry.npmjs.org/mkdirp/-/mkdirp-0.3.3.tgz",
      "integrity": "sha512-Oamd41MnZw/yuxtarGf3MFbHzFqQY4S17DcN+rATh2t5MKuCtG7vVVRG+RUT6g9+hr47DIVucIHGOUlwmJRvDA=="
    },
    "ml-array-max": {
      "version": "1.2.4",
      "resolved": "https://registry.npmjs.org/ml-array-max/-/ml-array-max-1.2.4.tgz",
      "integrity": "sha512-BlEeg80jI0tW6WaPyGxf5Sa4sqvcyY6lbSn5Vcv44lp1I2GR6AWojfUvLnGTNsIXrZ8uqWmo8VcG1WpkI2ONMQ==",
      "requires": {
        "is-any-array": "^2.0.0"
      }
    },
    "ml-array-mean": {
      "version": "1.1.6",
      "resolved": "https://registry.npmjs.org/ml-array-mean/-/ml-array-mean-1.1.6.tgz",
      "integrity": "sha512-MIdf7Zc8HznwIisyiJGRH9tRigg3Yf4FldW8DxKxpCCv/g5CafTw0RRu51nojVEOXuCQC7DRVVu5c7XXO/5joQ==",
      "requires": {
        "ml-array-sum": "^1.1.6"
      }
    },
    "ml-array-median": {
      "version": "1.1.6",
      "resolved": "https://registry.npmjs.org/ml-array-median/-/ml-array-median-1.1.6.tgz",
      "integrity": "sha512-V6bV6bTPFRX8v5CaAx/7fuRXC39LLTHfPSVZZafdNaqNz2PFL5zEA7gesjv8dMXh+gwPeUMtB5QPovlTBaa4sw==",
      "requires": {
        "is-any-array": "^2.0.0",
        "median-quickselect": "^1.0.1"
      }
    },
    "ml-array-min": {
      "version": "1.2.3",
      "resolved": "https://registry.npmjs.org/ml-array-min/-/ml-array-min-1.2.3.tgz",
      "integrity": "sha512-VcZ5f3VZ1iihtrGvgfh/q0XlMobG6GQ8FsNyQXD3T+IlstDv85g8kfV0xUG1QPRO/t21aukaJowDzMTc7j5V6Q==",
      "requires": {
        "is-any-array": "^2.0.0"
      }
    },
    "ml-array-mode": {
      "version": "1.1.5",
      "resolved": "https://registry.npmjs.org/ml-array-mode/-/ml-array-mode-1.1.5.tgz",
      "integrity": "sha512-30dWTShQq05UzL+ZoG5OuuDvRl3APdz/bHwgZTgqRAJKOZApaWNQxg/ZnN5i/Uls3AjqabRZ70/QhX+/0bfZEA==",
      "requires": {
        "is-any-array": "^2.0.0"
      }
    },
    "ml-array-rescale": {
      "version": "1.3.7",
      "resolved": "https://registry.npmjs.org/ml-array-rescale/-/ml-array-rescale-1.3.7.tgz",
      "integrity": "sha512-48NGChTouvEo9KBctDfHC3udWnQKNKEWN0ziELvY3KG25GR5cA8K8wNVzracsqSW1QEkAXjTNx+ycgAv06/1mQ==",
      "requires": {
        "is-any-array": "^2.0.0",
        "ml-array-max": "^1.2.4",
        "ml-array-min": "^1.2.3"
      }
    },
    "ml-array-sum": {
      "version": "1.1.6",
      "resolved": "https://registry.npmjs.org/ml-array-sum/-/ml-array-sum-1.1.6.tgz",
      "integrity": "sha512-29mAh2GwH7ZmiRnup4UyibQZB9+ZLyMShvt4cH4eTK+cL2oEMIZFnSyB3SS8MlsTh6q/w/yh48KmqLxmovN4Dw==",
      "requires": {
        "is-any-array": "^2.0.0"
      }
    },
    "ml-cart": {
      "version": "2.1.1",
      "resolved": "https://registry.npmjs.org/ml-cart/-/ml-cart-2.1.1.tgz",
      "integrity": "sha512-f6rIj4EzbjqKLJa2Qmm5AjZ0WVgk+Y7J1N/+pQVaFr0d4oM1uZPLOh5h665LyH+bLBHTFEbvSR4OLKmJRQ8KfA==",
      "requires": {
        "ml-array-mean": "^1.1.5",
        "ml-matrix": "^6.8.2"
      }
    },
    "ml-dataset-iris": {
      "version": "1.2.1",
      "resolved": "https://registry.npmjs.org/ml-dataset-iris/-/ml-dataset-iris-1.2.1.tgz",
      "integrity": "sha512-7GO+Xk382d+HhVgjebaQnJ4Tcm8+uaL9Mc76UdxhBAU0aFWs6JDjINZLnrlZ0KDiIi9Erc52bD26QOvYsG7Nnw=="
    },
    "ml-matrix": {
      "version": "6.10.2",
      "resolved": "https://registry.npmjs.org/ml-matrix/-/ml-matrix-6.10.2.tgz",
      "integrity": "sha512-+yxwzMazC76DAsgEvDrdCfRMH7+lO7UdnuWllavnPeWkPD2oIBA6rLzvst7BFYUxzgRz/h6V6lLzYIYtTvINbw==",
      "requires": {
        "is-any-array": "^2.0.0",
        "ml-array-rescale": "^1.3.7"
      }
    },
    "ml-random-forest": {
      "version": "2.1.0",
      "resolved": "https://registry.npmjs.org/ml-random-forest/-/ml-random-forest-2.1.0.tgz",
      "integrity": "sha512-5PpfMFWdCxchjte7N6W38XNqycbheOadrfKySV0mojAfKorXy1HnPLthz3NFDnSO4nnIOaxRtr26bc4ZQaautA==",
      "requires": {
        "ml-array-mean": "^1.1.5",
        "ml-array-median": "^1.1.5",
        "ml-array-mode": "^1.1.4",
        "ml-cart": "^2.1.1",
        "ml-matrix": "^6.8.2",
        "random-js": "^2.1.0"
      }
    },
    "mocha": {
      "version": "1.8.2",
      "resolved": "https://registry.npmjs.org/mocha/-/mocha-1.8.2.tgz",
      "integrity": "sha512-+QeJMW92PTwTbz0i28m70eWLrvMyAr/2GBSW9mUD8y0HCcvvigNWk/6P7ahnlyw3pDeVVtoYLCUJV/UwBQaUjQ==",
      "requires": {
        "commander": "0.6.1",
        "debug": "*",
        "diff": "1.0.2",
        "growl": "1.7.x",
        "jade": "0.26.3",
        "mkdirp": "0.3.3",
        "ms": "0.3.0"
      }
    },
    "moment": {
      "version": "2.29.4",
      "resolved": "https://registry.npmjs.org/moment/-/moment-2.29.4.tgz",
      "integrity": "sha512-5LC9SOxjSc2HF6vO2CyuTDNivEdoz2IvyJJGj6X8DJ0eFyfszE0QiEd+iXmBvUP3WHxSjFH/vIsA0EN00cgr8w=="
    },
    "ms": {
      "version": "0.3.0",
      "resolved": "https://registry.npmjs.org/ms/-/ms-0.3.0.tgz",
      "integrity": "sha512-25BVmSAdN4KRX7XeI6/gwQ9ewx6t9QB9/8X2fVJUUDpPc03qTRaEPgt5bTMZQ5T2l+XT+haSfqIkysOupDsSVQ=="
    },
    "nn": {
      "version": "0.0.7",
      "resolved": "https://registry.npmjs.org/nn/-/nn-0.0.7.tgz",
      "integrity": "sha512-Elc6dy3FfdUWs6YPjwUpFLY9W+FVAqnuDDGQfoLTZuOl7TLK0Kgu6XfEUryKKkTC45fk1h8llYnOQ+BG55X+/w==",
      "requires": {
        "mocha": "~1.8.2"
      }
    },
    "node-bayes": {
      "version": "1.1.0",
      "resolved": "https://registry.npmjs.org/node-bayes/-/node-bayes-1.1.0.tgz",
      "integrity": "sha512-W8t538NI94NMoY7GuIVMOTWYqC2/j8ScrYvwbY9fdvD8s6TbMYa8uU6S49krsi5S4FkkDVJnfDcEZzUrEXIg4w==",
      "requires": {
        "d3": "^3.5.13",
        "mathjs": "^2.6.0",
        "underscore": "^1.8.3"
      }
    },
    "node-wav": {
      "version": "0.0.2",
      "resolved": "https://registry.npmjs.org/node-wav/-/node-wav-0.0.2.tgz",
      "integrity": "sha512-M6Rm/bbG6De/gKGxOpeOobx/dnGuP0dz40adqx38boqHhlWssBJZgLCPBNtb9NkrmnKYiV04xELq+R6PFOnoLA=="
    },
    "random-js": {
      "version": "2.1.0",
      "resolved": "https://registry.npmjs.org/random-js/-/random-js-2.1.0.tgz",
      "integrity": "sha512-CRUyWmnzmZBA7RZSVGq0xMqmgCyPPxbiKNLFA5ud7KenojVX2s7Gv+V7eB52beKTPGxWRnVZ7D/tCIgYJJ8vNQ=="
    },
    "tiny-emitter": {
      "version": "1.2.0",
      "resolved": "https://registry.npmjs.org/tiny-emitter/-/tiny-emitter-1.2.0.tgz",
      "integrity": "sha512-rWjF00inHeWtT5UbQYAXoMI4hL6TRMqohuKCsODyPYYmfAxqfMnXLsIeNrbdPEkNxlk++rojVilTnI9IVmEBtA=="
    },
    "typed-function": {
      "version": "0.10.7",
      "resolved": "https://registry.npmjs.org/typed-function/-/typed-function-0.10.7.tgz",
      "integrity": "sha512-3mlZ5AwRMbLvUKkc8a1TI4RUJUS2H27pmD5q0lHRObgsoWzhDAX01yg82kwSP1FUw922/4Y9ZliIEh0qJZcz+g=="
    },
    "underscore": {
      "version": "1.13.6",
      "resolved": "https://registry.npmjs.org/underscore/-/underscore-1.13.6.tgz",
      "integrity": "sha512-+A5Sja4HP1M08MaXya7p5LvjuM7K6q/2EaC0+iovj/wOcMsTzMvDFbasi/oSapiwOlt252IqsKqPjCl7huKS0A=="
    }
  }
}
